<?xml version="1.0" encoding="utf-8"?>
<Project ToolsVersion="4.0" xmlns="http://schemas.microsoft.com/developer/msbuild/2003">
  <ItemGroup>
    <Filter Include="win32">
      <UniqueIdentifier>{84a8ebd7-7cf0-47f6-b75e-d441df67da40}</UniqueIdentifier>
    </Filter>
    <Filter Include="resource">
      <UniqueIdentifier>{715254bc-d70b-4ec5-bf29-467dd3ace079}</UniqueIdentifier>
    </Filter>
    <Filter Include="src">
      <UniqueIdentifier>{bb6c862e-70e9-49d9-81b7-3829a6f50471}</UniqueIdentifier>
    </Filter>
    <Filter Include="src\Model">
      <UniqueIdentifier>{34058db0-28e9-4e38-a8bb-5f3ea2725744}</UniqueIdentifier>
    </Filter>
    <Filter Include="src\UI">
      <UniqueIdentifier>{fcfa3fd2-674b-45ec-a83e-cc1fc1a16839}</UniqueIdentifier>
    </Filter>
    <Filter Include="src\UI\Controls">
      <UniqueIdentifier>{104032ee-b008-48fa-a7e0-e4fd53dfc13d}</UniqueIdentifier>
    </Filter>
    <Filter Include="src\UI\Map">
      <UniqueIdentifier>{378cd087-f8bc-4131-a2d4-d75c0159b2e2}</UniqueIdentifier>
    </Filter>
  </ItemGroup>
  <ItemGroup>
    <ClCompile Include="main.cpp">
      <Filter>win32</Filter>
    </ClCompile>
    <ClCompile Include="..\Classes\world_ui.cpp">
      <Filter>src\UI</Filter>
    </ClCompile>
    <ClCompile Include="..\Classes\AppDelegate.cpp">
      <Filter>src\UI</Filter>
    </ClCompile>
    <ClCompile Include="..\Classes\map_view.cpp">
      <Filter>src\UI\Map</Filter>
    </ClCompile>
    <ClCompile Include="..\Classes\controls.cpp">
      <Filter>src\UI\Controls</Filter>
    </ClCompile>
    <ClCompile Include="..\Classes\trade.cpp">
      <Filter>src\Model</Filter>
    </ClCompile>
    <ClCompile Include="..\Classes\map.cpp">
      <Filter>src\Model</Filter>
    </ClCompile>
    <ClCompile Include="..\Classes\color_layer.cpp">
      <Filter>src\UI\Map</Filter>
    </ClCompile>
    <ClCompile Include="..\Classes\factory_layer.cpp">
      <Filter>src\UI\Map</Filter>
    </ClCompile>
    <ClCompile Include="..\Classes\world.cpp">
      <Filter>src\Model</Filter>
    </ClCompile>
    <ClCompile Include="..\Classes\road_layer.cpp">
      <Filter>src\UI\Map</Filter>
    </ClCompile>
    <ClCompile Include="..\Classes\sprites.cpp">
      <Filter>src\UI\Map</Filter>
    </ClCompile>
    <ClCompile Include="..\Classes\stdafx.cpp">
      <Filter>src</Filter>
    </ClCompile>
  </ItemGroup>
  <ItemGroup>
    <ClInclude Include="main.h">
      <Filter>win32</Filter>
    </ClInclude>
    <ClInclude Include="..\Classes\world_ui.h">
      <Filter>src\UI</Filter>
    </ClInclude>
    <ClInclude Include="..\Classes\AppDelegate.h">
      <Filter>src\UI</Filter>
    </ClInclude>
    <ClInclude Include="..\Classes\controls.h">
      <Filter>src\UI\Controls</Filter>
    </ClInclude>
    <ClInclude Include="..\Classes\trade.h">
      <Filter>src\Model</Filter>
    </ClInclude>
    <ClInclude Include="..\Classes\map.h">
      <Filter>src\Model</Filter>
    </ClInclude>
    <ClInclude Include="..\Classes\world.h">
      <Filter>src\Model</Filter>
    </ClInclude>
    <ClInclude Include="..\Classes\map_view.h">
      <Filter>src\UI\Map</Filter>
    </ClInclude>
    <ClInclude Include="..\Classes\sprites.h">
      <Filter>src\UI\Map</Filter>
    </ClInclude>
    <ClInclude Include="..\Classes\stdafx.h">
      <Filter>src</Filter>
    </ClInclude>
  </ItemGroup>
  <ItemGroup>
    <ResourceCompile Include="game.rc">
      <Filter>resource</Filter>
    </ResourceCompile>
  </ItemGroup>
  <ItemGroup>
    <None Include="WorldMenus.cd" />
    <None Include="ClassDiagram.cd" />
    <None Include="Model.cd" />
  </ItemGroup>
</Project>